
Microsoft Visual Studio Solution File, Format Version 12.00
# Visual Studio Version 17
VisualStudioVersion = 17.0.31903.59
MinimumVisualStudioVersion = 10.0.40219.1
Project("{2150E333-8FDC-42A3-9474-1A3956D46DE8}") = "src", "src", "{3F96DEC5-CAAB-454F-9356-D4E8FE509336}"
EndProject
Project("{FAE04EC0-301F-11D3-BF4B-00C04F79EFBC}") = "AuctionService", "src\AuctionService\AuctionService.csproj", "{2E1123CE-73EC-44FB-87C2-CAEDF9B234D6}"
EndProject
Project("{FAE04EC0-301F-11D3-BF4B-00C04F79EFBC}") = "SearchService", "src\SearchService\SearchService.csproj", "{A952947D-B33D-4B9C-860B-1D11E35BD7F5}"
EndProject
Project("{FAE04EC0-301F-11D3-BF4B-00C04F79EFBC}") = "Contracts", "src\Contracts\Contracts.csproj", "{79702F14-8118-434D-8CC1-459BD8B8C069}"
EndProject
Project("{FAE04EC0-301F-11D3-BF4B-00C04F79EFBC}") = "IdentityService", "src\IdentityService\IdentityService.csproj", "{D334CD90-2ABD-4430-9DCF-3E6122D93FEA}"
EndProject
Project("{FAE04EC0-301F-11D3-BF4B-00C04F79EFBC}") = "GatewayService", "src\GatewayService\GatewayService.csproj", "{AB9146B8-5168-44A3-8D17-808E52E53296}"
EndProject
Project("{FAE04EC0-301F-11D3-BF4B-00C04F79EFBC}") = "BiddingService", "src\BiddingService\BiddingService.csproj", "{0FF82CA5-660D-441B-A4C1-8FAA7881155F}"
EndProject
Project("{FAE04EC0-301F-11D3-BF4B-00C04F79EFBC}") = "NotificationService", "src\NotificationService\NotificationService.csproj", "{6500CE34-14A0-4287-8853-FF95314BFFFB}"
EndProject
Global
	GlobalSection(SolutionConfigurationPlatforms) = preSolution
		Debug|Any CPU = Debug|Any CPU
		Release|Any CPU = Release|Any CPU
	EndGlobalSection
	GlobalSection(SolutionProperties) = preSolution
		HideSolutionNode = FALSE
	EndGlobalSection
	GlobalSection(ProjectConfigurationPlatforms) = postSolution
		{2E1123CE-73EC-44FB-87C2-CAEDF9B234D6}.Debug|Any CPU.ActiveCfg = Debug|Any CPU
		{2E1123CE-73EC-44FB-87C2-CAEDF9B234D6}.Debug|Any CPU.Build.0 = Debug|Any CPU
		{2E1123CE-73EC-44FB-87C2-CAEDF9B234D6}.Release|Any CPU.ActiveCfg = Release|Any CPU
		{2E1123CE-73EC-44FB-87C2-CAEDF9B234D6}.Release|Any CPU.Build.0 = Release|Any CPU
		{A952947D-B33D-4B9C-860B-1D11E35BD7F5}.Debug|Any CPU.ActiveCfg = Debug|Any CPU
		{A952947D-B33D-4B9C-860B-1D11E35BD7F5}.Debug|Any CPU.Build.0 = Debug|Any CPU
		{A952947D-B33D-4B9C-860B-1D11E35BD7F5}.Release|Any CPU.ActiveCfg = Release|Any CPU
		{A952947D-B33D-4B9C-860B-1D11E35BD7F5}.Release|Any CPU.Build.0 = Release|Any CPU
		{79702F14-8118-434D-8CC1-459BD8B8C069}.Debug|Any CPU.ActiveCfg = Debug|Any CPU
		{79702F14-8118-434D-8CC1-459BD8B8C069}.Debug|Any CPU.Build.0 = Debug|Any CPU
		{79702F14-8118-434D-8CC1-459BD8B8C069}.Release|Any CPU.ActiveCfg = Release|Any CPU
		{79702F14-8118-434D-8CC1-459BD8B8C069}.Release|Any CPU.Build.0 = Release|Any CPU
		{D334CD90-2ABD-4430-9DCF-3E6122D93FEA}.Debug|Any CPU.ActiveCfg = Debug|Any CPU
		{D334CD90-2ABD-4430-9DCF-3E6122D93FEA}.Debug|Any CPU.Build.0 = Debug|Any CPU
		{D334CD90-2ABD-4430-9DCF-3E6122D93FEA}.Release|Any CPU.ActiveCfg = Release|Any CPU
		{D334CD90-2ABD-4430-9DCF-3E6122D93FEA}.Release|Any CPU.Build.0 = Release|Any CPU
		{AB9146B8-5168-44A3-8D17-808E52E53296}.Debug|Any CPU.ActiveCfg = Debug|Any CPU
		{AB9146B8-5168-44A3-8D17-808E52E53296}.Debug|Any CPU.Build.0 = Debug|Any CPU
		{AB9146B8-5168-44A3-8D17-808E52E53296}.Release|Any CPU.ActiveCfg = Release|Any CPU
		{AB9146B8-5168-44A3-8D17-808E52E53296}.Release|Any CPU.Build.0 = Release|Any CPU
		{0FF82CA5-660D-441B-A4C1-8FAA7881155F}.Debug|Any CPU.ActiveCfg = Debug|Any CPU
		{0FF82CA5-660D-441B-A4C1-8FAA7881155F}.Debug|Any CPU.Build.0 = Debug|Any CPU
		{0FF82CA5-660D-441B-A4C1-8FAA7881155F}.Release|Any CPU.ActiveCfg = Release|Any CPU
		{0FF82CA5-660D-441B-A4C1-8FAA7881155F}.Release|Any CPU.Build.0 = Release|Any CPU
		{6500CE34-14A0-4287-8853-FF95314BFFFB}.Debug|Any CPU.ActiveCfg = Debug|Any CPU
		{6500CE34-14A0-4287-8853-FF95314BFFFB}.Debug|Any CPU.Build.0 = Debug|Any CPU
		{6500CE34-14A0-4287-8853-FF95314BFFFB}.Release|Any CPU.ActiveCfg = Release|Any CPU
		{6500CE34-14A0-4287-8853-FF95314BFFFB}.Release|Any CPU.Build.0 = Release|Any CPU
	EndGlobalSection
	GlobalSection(NestedProjects) = preSolution
		{2E1123CE-73EC-44FB-87C2-CAEDF9B234D6} = {3F96DEC5-CAAB-454F-9356-D4E8FE509336}
		{A952947D-B33D-4B9C-860B-1D11E35BD7F5} = {3F96DEC5-CAAB-454F-9356-D4E8FE509336}
		{79702F14-8118-434D-8CC1-459BD8B8C069} = {3F96DEC5-CAAB-454F-9356-D4E8FE509336}
		{D334CD90-2ABD-4430-9DCF-3E6122D93FEA} = {3F96DEC5-CAAB-454F-9356-D4E8FE509336}
		{AB9146B8-5168-44A3-8D17-808E52E53296} = {3F96DEC5-CAAB-454F-9356-D4E8FE509336}
		{0FF82CA5-660D-441B-A4C1-8FAA7881155F} = {3F96DEC5-CAAB-454F-9356-D4E8FE509336}
		{6500CE34-14A0-4287-8853-FF95314BFFFB} = {3F96DEC5-CAAB-454F-9356-D4E8FE509336}
	EndGlobalSection
EndGlobal
